
Microsoft Visual Studio Solution File, Format Version 12.00
# Visual Studio Version 17
VisualStudioVersion = 17.5.33516.290
MinimumVisualStudioVersion = 10.0.40219.1
Project("{2150E333-8FDC-42A3-9474-1A3956D46DE8}") = "src", "src", "{89D130F5-0E6B-4015-871D-33E00ED1E091}"
EndProject
Project("{2150E333-8FDC-42A3-9474-1A3956D46DE8}") = "test", "test", "{DB30F602-A2D2-40CD-87D8-ACACC547D55E}"
EndProject
Project("{9A19103F-16F7-4668-BE54-9A1E7A4F7556}") = "cbk.image.service.upload", "src\cbk.image.service.upload\cbk.image.service.upload.csproj", "{7C1BBF63-8D08-4639-8D67-B3DF41F77DBF}"
EndProject
Project("{9A19103F-16F7-4668-BE54-9A1E7A4F7556}") = "cbk.image.service.member", "src\cbk.image.service.member\cbk.image.service.member.csproj", "{71750390-2653-4234-A815-EB334F40899B}"
EndProject
Project("{9A19103F-16F7-4668-BE54-9A1E7A4F7556}") = "cbk.image.service.compress", "src\cbk.image.service.compress\cbk.image.service.compress.csproj", "{3D07EF7A-CE75-489D-8B06-0459040F4B8F}"
EndProject
Project("{2150E333-8FDC-42A3-9474-1A3956D46DE8}") = "common", "common", "{D65212D3-D055-4972-9A89-EC89C752BB91}"
EndProject
Project("{FAE04EC0-301F-11D3-BF4B-00C04F79EFBC}") = "cbk.image.Domain", "src\common\cbk.image.Domain\cbk.image.Domain.csproj", "{7C7D1CBD-2EE9-45A7-86C3-13E844F2AEFA}"
EndProject
Project("{FAE04EC0-301F-11D3-BF4B-00C04F79EFBC}") = "cbk.image.Application", "src\common\cbk.image.Application\cbk.image.Application.csproj", "{264C47AF-A6D0-4085-B98B-4F7E574AF2ED}"
EndProject
Project("{FAE04EC0-301F-11D3-BF4B-00C04F79EFBC}") = "cbk.image.Domain.UnitTests", "test\cbk.image.Domain.UnitTests\cbk.image.Domain.UnitTests.csproj", "{518A2ADC-AFF1-4453-B985-71A6E3F0CED3}"
EndProject
Project("{FAE04EC0-301F-11D3-BF4B-00C04F79EFBC}") = "cbk.image.web", "src\common\cbk.image.web\cbk.image.web.csproj", "{15478A43-AF89-46B5-BCEE-746546A2F0A7}"
EndProject
Project("{9A19103F-16F7-4668-BE54-9A1E7A4F7556}") = "cbk.image.Infrastructure", "src\common\cbk.image.Infrastructure\cbk.image.Infrastructure.csproj", "{3F5E44CF-F9CD-4B48-B161-F4A19A39C393}"
EndProject
Project("{9A19103F-16F7-4668-BE54-9A1E7A4F7556}") = "cbk.cloud.serviceProvider", "src\cbk.cloud.serviceProvider\cbk.cloud.serviceProvider.csproj", "{DBDA81E8-B8C1-40CE-A680-6D1C83E49C26}"
EndProject
Global
	GlobalSection(SolutionConfigurationPlatforms) = preSolution
		Debug|Any CPU = Debug|Any CPU
		Release|Any CPU = Release|Any CPU
	EndGlobalSection
	GlobalSection(ProjectConfigurationPlatforms) = postSolution
		{7C1BBF63-8D08-4639-8D67-B3DF41F77DBF}.Debug|Any CPU.ActiveCfg = Debug|Any CPU
		{7C1BBF63-8D08-4639-8D67-B3DF41F77DBF}.Debug|Any CPU.Build.0 = Debug|Any CPU
		{7C1BBF63-8D08-4639-8D67-B3DF41F77DBF}.Release|Any CPU.ActiveCfg = Release|Any CPU
		{7C1BBF63-8D08-4639-8D67-B3DF41F77DBF}.Release|Any CPU.Build.0 = Release|Any CPU
		{71750390-2653-4234-A815-EB334F40899B}.Debug|Any CPU.ActiveCfg = Debug|Any CPU
		{71750390-2653-4234-A815-EB334F40899B}.Debug|Any CPU.Build.0 = Debug|Any CPU
		{71750390-2653-4234-A815-EB334F40899B}.Release|Any CPU.ActiveCfg = Release|Any CPU
		{71750390-2653-4234-A815-EB334F40899B}.Release|Any CPU.Build.0 = Release|Any CPU
		{3D07EF7A-CE75-489D-8B06-0459040F4B8F}.Debug|Any CPU.ActiveCfg = Debug|Any CPU
		{3D07EF7A-CE75-489D-8B06-0459040F4B8F}.Debug|Any CPU.Build.0 = Debug|Any CPU
		{3D07EF7A-CE75-489D-8B06-0459040F4B8F}.Release|Any CPU.ActiveCfg = Release|Any CPU
		{3D07EF7A-CE75-489D-8B06-0459040F4B8F}.Release|Any CPU.Build.0 = Release|Any CPU
		{7C7D1CBD-2EE9-45A7-86C3-13E844F2AEFA}.Debug|Any CPU.ActiveCfg = Debug|Any CPU
		{7C7D1CBD-2EE9-45A7-86C3-13E844F2AEFA}.Debug|Any CPU.Build.0 = Debug|Any CPU
		{7C7D1CBD-2EE9-45A7-86C3-13E844F2AEFA}.Release|Any CPU.ActiveCfg = Release|Any CPU
		{7C7D1CBD-2EE9-45A7-86C3-13E844F2AEFA}.Release|Any CPU.Build.0 = Release|Any CPU
		{264C47AF-A6D0-4085-B98B-4F7E574AF2ED}.Debug|Any CPU.ActiveCfg = Debug|Any CPU
		{264C47AF-A6D0-4085-B98B-4F7E574AF2ED}.Debug|Any CPU.Build.0 = Debug|Any CPU
		{264C47AF-A6D0-4085-B98B-4F7E574AF2ED}.Release|Any CPU.ActiveCfg = Release|Any CPU
		{264C47AF-A6D0-4085-B98B-4F7E574AF2ED}.Release|Any CPU.Build.0 = Release|Any CPU
		{518A2ADC-AFF1-4453-B985-71A6E3F0CED3}.Debug|Any CPU.ActiveCfg = Debug|Any CPU
		{518A2ADC-AFF1-4453-B985-71A6E3F0CED3}.Debug|Any CPU.Build.0 = Debug|Any CPU
		{518A2ADC-AFF1-4453-B985-71A6E3F0CED3}.Release|Any CPU.ActiveCfg = Release|Any CPU
		{518A2ADC-AFF1-4453-B985-71A6E3F0CED3}.Release|Any CPU.Build.0 = Release|Any CPU
		{15478A43-AF89-46B5-BCEE-746546A2F0A7}.Debug|Any CPU.ActiveCfg = Debug|Any CPU
		{15478A43-AF89-46B5-BCEE-746546A2F0A7}.Debug|Any CPU.Build.0 = Debug|Any CPU
		{15478A43-AF89-46B5-BCEE-746546A2F0A7}.Release|Any CPU.ActiveCfg = Release|Any CPU
		{15478A43-AF89-46B5-BCEE-746546A2F0A7}.Release|Any CPU.Build.0 = Release|Any CPU
		{3F5E44CF-F9CD-4B48-B161-F4A19A39C393}.Debug|Any CPU.ActiveCfg = Debug|Any CPU
		{3F5E44CF-F9CD-4B48-B161-F4A19A39C393}.Debug|Any CPU.Build.0 = Debug|Any CPU
		{3F5E44CF-F9CD-4B48-B161-F4A19A39C393}.Release|Any CPU.ActiveCfg = Release|Any CPU
		{3F5E44CF-F9CD-4B48-B161-F4A19A39C393}.Release|Any CPU.Build.0 = Release|Any CPU
		{DBDA81E8-B8C1-40CE-A680-6D1C83E49C26}.Debug|Any CPU.ActiveCfg = Debug|Any CPU
		{DBDA81E8-B8C1-40CE-A680-6D1C83E49C26}.Debug|Any CPU.Build.0 = Debug|Any CPU
		{DBDA81E8-B8C1-40CE-A680-6D1C83E49C26}.Release|Any CPU.ActiveCfg = Release|Any CPU
		{DBDA81E8-B8C1-40CE-A680-6D1C83E49C26}.Release|Any CPU.Build.0 = Release|Any CPU
	EndGlobalSection
	GlobalSection(SolutionProperties) = preSolution
		HideSolutionNode = FALSE
	EndGlobalSection
	GlobalSection(NestedProjects) = preSolution
		{7C1BBF63-8D08-4639-8D67-B3DF41F77DBF} = {89D130F5-0E6B-4015-871D-33E00ED1E091}
		{71750390-2653-4234-A815-EB334F40899B} = {89D130F5-0E6B-4015-871D-33E00ED1E091}
		{3D07EF7A-CE75-489D-8B06-0459040F4B8F} = {89D130F5-0E6B-4015-871D-33E00ED1E091}
		{D65212D3-D055-4972-9A89-EC89C752BB91} = {89D130F5-0E6B-4015-871D-33E00ED1E091}
		{7C7D1CBD-2EE9-45A7-86C3-13E844F2AEFA} = {D65212D3-D055-4972-9A89-EC89C752BB91}
		{264C47AF-A6D0-4085-B98B-4F7E574AF2ED} = {D65212D3-D055-4972-9A89-EC89C752BB91}
		{518A2ADC-AFF1-4453-B985-71A6E3F0CED3} = {DB30F602-A2D2-40CD-87D8-ACACC547D55E}
		{15478A43-AF89-46B5-BCEE-746546A2F0A7} = {D65212D3-D055-4972-9A89-EC89C752BB91}
		{3F5E44CF-F9CD-4B48-B161-F4A19A39C393} = {D65212D3-D055-4972-9A89-EC89C752BB91}
		{DBDA81E8-B8C1-40CE-A680-6D1C83E49C26} = {89D130F5-0E6B-4015-871D-33E00ED1E091}
	EndGlobalSection
	GlobalSection(ExtensibilityGlobals) = postSolution
		SolutionGuid = {5298182B-BF03-4C56-B54D-81A60EAE4AFE}
	EndGlobalSection
EndGlobal
