
Microsoft Visual Studio Solution File, Format Version 12.00
# Visual Studio Version 17
VisualStudioVersion = 17.5.33516.290
MinimumVisualStudioVersion = 10.0.40219.1
Project("{FAE04EC0-301F-11D3-BF4B-00C04F79EFBC}") = "cbk.service.uploadImage", "cbk.service.uploadImage\cbk.service.uploadImage.csproj", "{CD532E89-2CCD-4312-87FA-A8B63B4CE4C0}"
EndProject
Project("{FAE04EC0-301F-11D3-BF4B-00C04F79EFBC}") = "cbk.service.login", "cbk.service.login\cbk.service.login.csproj", "{0B7670A4-39D7-4756-925A-0D3DE348B7BB}"
EndProject
Global
	GlobalSection(SolutionConfigurationPlatforms) = preSolution
		Debug|Any CPU = Debug|Any CPU
		Release|Any CPU = Release|Any CPU
	EndGlobalSection
	GlobalSection(ProjectConfigurationPlatforms) = postSolution
		{CD532E89-2CCD-4312-87FA-A8B63B4CE4C0}.Debug|Any CPU.ActiveCfg = Debug|Any CPU
		{CD532E89-2CCD-4312-87FA-A8B63B4CE4C0}.Debug|Any CPU.Build.0 = Debug|Any CPU
		{CD532E89-2CCD-4312-87FA-A8B63B4CE4C0}.Release|Any CPU.ActiveCfg = Release|Any CPU
		{CD532E89-2CCD-4312-87FA-A8B63B4CE4C0}.Release|Any CPU.Build.0 = Release|Any CPU
		{0B7670A4-39D7-4756-925A-0D3DE348B7BB}.Debug|Any CPU.ActiveCfg = Debug|Any CPU
		{0B7670A4-39D7-4756-925A-0D3DE348B7BB}.Debug|Any CPU.Build.0 = Debug|Any CPU
		{0B7670A4-39D7-4756-925A-0D3DE348B7BB}.Release|Any CPU.ActiveCfg = Release|Any CPU
		{0B7670A4-39D7-4756-925A-0D3DE348B7BB}.Release|Any CPU.Build.0 = Release|Any CPU
	EndGlobalSection
	GlobalSection(SolutionProperties) = preSolution
		HideSolutionNode = FALSE
	EndGlobalSection
	GlobalSection(ExtensibilityGlobals) = postSolution
		SolutionGuid = {5298182B-BF03-4C56-B54D-81A60EAE4AFE}
	EndGlobalSection
EndGlobal
