
Microsoft Visual Studio Solution File, Format Version 12.00
# Visual Studio Version 17
VisualStudioVersion = 17.5.33516.290
MinimumVisualStudioVersion = 10.0.40219.1
Project("{2150E333-8FDC-42A3-9474-1A3956D46DE8}") = "src", "src", "{89D130F5-0E6B-4015-871D-33E00ED1E091}"
EndProject
Project("{2150E333-8FDC-42A3-9474-1A3956D46DE8}") = "test", "test", "{DB30F602-A2D2-40CD-87D8-ACACC547D55E}"
EndProject
Project("{9A19103F-16F7-4668-BE54-9A1E7A4F7556}") = "cbk.image.service.upload", "src\cbk.image.service.upload\cbk.image.service.upload.csproj", "{7C1BBF63-8D08-4639-8D67-B3DF41F77DBF}"
EndProject
Project("{9A19103F-16F7-4668-BE54-9A1E7A4F7556}") = "cbk.image.service.member", "src\cbk.image.service.member\cbk.image.service.member.csproj", "{71750390-2653-4234-A815-EB334F40899B}"
EndProject
Project("{9A19103F-16F7-4668-BE54-9A1E7A4F7556}") = "cbk.image.service.compress", "src\cbk.image.service.compress\cbk.image.service.compress.csproj", "{3D07EF7A-CE75-489D-8B06-0459040F4B8F}"
EndProject
Project("{9A19103F-16F7-4668-BE54-9A1E7A4F7556}") = "cbk.image.Infrastructure", "src\cbk.image.Infrastructure\cbk.image.Infrastructure.csproj", "{9DFFACB3-E132-45F3-9EEF-304A2151D8B1}"
EndProject
Project("{9A19103F-16F7-4668-BE54-9A1E7A4F7556}") = "cbk.cloud.serviceProvider", "src\cbk.cloud.serviceProvider\cbk.cloud.serviceProvider.csproj", "{4E72487C-2DD5-4645-B6DA-785A32589B18}"
EndProject
Global
	GlobalSection(SolutionConfigurationPlatforms) = preSolution
		Debug|Any CPU = Debug|Any CPU
		Release|Any CPU = Release|Any CPU
	EndGlobalSection
	GlobalSection(ProjectConfigurationPlatforms) = postSolution
		{7C1BBF63-8D08-4639-8D67-B3DF41F77DBF}.Debug|Any CPU.ActiveCfg = Debug|Any CPU
		{7C1BBF63-8D08-4639-8D67-B3DF41F77DBF}.Debug|Any CPU.Build.0 = Debug|Any CPU
		{7C1BBF63-8D08-4639-8D67-B3DF41F77DBF}.Release|Any CPU.ActiveCfg = Release|Any CPU
		{7C1BBF63-8D08-4639-8D67-B3DF41F77DBF}.Release|Any CPU.Build.0 = Release|Any CPU
		{71750390-2653-4234-A815-EB334F40899B}.Debug|Any CPU.ActiveCfg = Debug|Any CPU
		{71750390-2653-4234-A815-EB334F40899B}.Debug|Any CPU.Build.0 = Debug|Any CPU
		{71750390-2653-4234-A815-EB334F40899B}.Release|Any CPU.ActiveCfg = Release|Any CPU
		{71750390-2653-4234-A815-EB334F40899B}.Release|Any CPU.Build.0 = Release|Any CPU
		{3D07EF7A-CE75-489D-8B06-0459040F4B8F}.Debug|Any CPU.ActiveCfg = Debug|Any CPU
		{3D07EF7A-CE75-489D-8B06-0459040F4B8F}.Debug|Any CPU.Build.0 = Debug|Any CPU
		{3D07EF7A-CE75-489D-8B06-0459040F4B8F}.Release|Any CPU.ActiveCfg = Release|Any CPU
		{3D07EF7A-CE75-489D-8B06-0459040F4B8F}.Release|Any CPU.Build.0 = Release|Any CPU
		{9DFFACB3-E132-45F3-9EEF-304A2151D8B1}.Debug|Any CPU.ActiveCfg = Debug|Any CPU
		{9DFFACB3-E132-45F3-9EEF-304A2151D8B1}.Debug|Any CPU.Build.0 = Debug|Any CPU
		{9DFFACB3-E132-45F3-9EEF-304A2151D8B1}.Release|Any CPU.ActiveCfg = Release|Any CPU
		{9DFFACB3-E132-45F3-9EEF-304A2151D8B1}.Release|Any CPU.Build.0 = Release|Any CPU
		{4E72487C-2DD5-4645-B6DA-785A32589B18}.Debug|Any CPU.ActiveCfg = Debug|Any CPU
		{4E72487C-2DD5-4645-B6DA-785A32589B18}.Debug|Any CPU.Build.0 = Debug|Any CPU
		{4E72487C-2DD5-4645-B6DA-785A32589B18}.Release|Any CPU.ActiveCfg = Release|Any CPU
		{4E72487C-2DD5-4645-B6DA-785A32589B18}.Release|Any CPU.Build.0 = Release|Any CPU
	EndGlobalSection
	GlobalSection(SolutionProperties) = preSolution
		HideSolutionNode = FALSE
	EndGlobalSection
	GlobalSection(NestedProjects) = preSolution
		{7C1BBF63-8D08-4639-8D67-B3DF41F77DBF} = {89D130F5-0E6B-4015-871D-33E00ED1E091}
		{71750390-2653-4234-A815-EB334F40899B} = {89D130F5-0E6B-4015-871D-33E00ED1E091}
		{3D07EF7A-CE75-489D-8B06-0459040F4B8F} = {89D130F5-0E6B-4015-871D-33E00ED1E091}
		{9DFFACB3-E132-45F3-9EEF-304A2151D8B1} = {89D130F5-0E6B-4015-871D-33E00ED1E091}
		{4E72487C-2DD5-4645-B6DA-785A32589B18} = {89D130F5-0E6B-4015-871D-33E00ED1E091}
	EndGlobalSection
	GlobalSection(ExtensibilityGlobals) = postSolution
		SolutionGuid = {5298182B-BF03-4C56-B54D-81A60EAE4AFE}
	EndGlobalSection
EndGlobal
