
Microsoft Visual Studio Solution File, Format Version 12.00
# Visual Studio Version 17
VisualStudioVersion = 17.5.33516.290
MinimumVisualStudioVersion = 10.0.40219.1
Project("{9A19103F-16F7-4668-BE54-9A1E7A4F7556}") = "cbk.cloud.serviceProvider", "cbk.cloud.serviceProvider\cbk.cloud.serviceProvider.csproj", "{892BE2E6-1483-42A7-8602-87EAE1D32B3A}"
EndProject
Project("{9A19103F-16F7-4668-BE54-9A1E7A4F7556}") = "cbk.image.Infrastructure", "cbk.image.Infrastructure\cbk.image.Infrastructure.csproj", "{186B00EB-8C44-4D42-A2D7-B484FF4F2766}"
EndProject
Project("{9A19103F-16F7-4668-BE54-9A1E7A4F7556}") = "cbk.image.service.member", "cbk.image.service.member\cbk.image.service.member.csproj", "{6042526B-1B01-4E53-B97A-67798AB75BEA}"
EndProject
Project("{9A19103F-16F7-4668-BE54-9A1E7A4F7556}") = "cbk.image.service.upload", "cbk.image.service.upload\cbk.image.service.upload.csproj", "{138D4DF1-2D02-4226-A6B6-FF1B86B6671B}"
EndProject
Project("{FAE04EC0-301F-11D3-BF4B-00C04F79EFBC}") = "cbk.image.service.compress", "cbk.image.service.compress\cbk.image.service.compress.csproj", "{5D0A29AC-2F74-4F9A-8381-09DA1A15A256}"
EndProject
Global
	GlobalSection(SolutionConfigurationPlatforms) = preSolution
		Debug|Any CPU = Debug|Any CPU
		Release|Any CPU = Release|Any CPU
	EndGlobalSection
	GlobalSection(ProjectConfigurationPlatforms) = postSolution
		{892BE2E6-1483-42A7-8602-87EAE1D32B3A}.Debug|Any CPU.ActiveCfg = Debug|Any CPU
		{892BE2E6-1483-42A7-8602-87EAE1D32B3A}.Debug|Any CPU.Build.0 = Debug|Any CPU
		{892BE2E6-1483-42A7-8602-87EAE1D32B3A}.Release|Any CPU.ActiveCfg = Release|Any CPU
		{892BE2E6-1483-42A7-8602-87EAE1D32B3A}.Release|Any CPU.Build.0 = Release|Any CPU
		{186B00EB-8C44-4D42-A2D7-B484FF4F2766}.Debug|Any CPU.ActiveCfg = Debug|Any CPU
		{186B00EB-8C44-4D42-A2D7-B484FF4F2766}.Debug|Any CPU.Build.0 = Debug|Any CPU
		{186B00EB-8C44-4D42-A2D7-B484FF4F2766}.Release|Any CPU.ActiveCfg = Release|Any CPU
		{186B00EB-8C44-4D42-A2D7-B484FF4F2766}.Release|Any CPU.Build.0 = Release|Any CPU
		{6042526B-1B01-4E53-B97A-67798AB75BEA}.Debug|Any CPU.ActiveCfg = Debug|Any CPU
		{6042526B-1B01-4E53-B97A-67798AB75BEA}.Debug|Any CPU.Build.0 = Debug|Any CPU
		{6042526B-1B01-4E53-B97A-67798AB75BEA}.Release|Any CPU.ActiveCfg = Release|Any CPU
		{6042526B-1B01-4E53-B97A-67798AB75BEA}.Release|Any CPU.Build.0 = Release|Any CPU
		{138D4DF1-2D02-4226-A6B6-FF1B86B6671B}.Debug|Any CPU.ActiveCfg = Debug|Any CPU
		{138D4DF1-2D02-4226-A6B6-FF1B86B6671B}.Debug|Any CPU.Build.0 = Debug|Any CPU
		{138D4DF1-2D02-4226-A6B6-FF1B86B6671B}.Release|Any CPU.ActiveCfg = Release|Any CPU
		{138D4DF1-2D02-4226-A6B6-FF1B86B6671B}.Release|Any CPU.Build.0 = Release|Any CPU
		{5D0A29AC-2F74-4F9A-8381-09DA1A15A256}.Debug|Any CPU.ActiveCfg = Debug|Any CPU
		{5D0A29AC-2F74-4F9A-8381-09DA1A15A256}.Debug|Any CPU.Build.0 = Debug|Any CPU
		{5D0A29AC-2F74-4F9A-8381-09DA1A15A256}.Release|Any CPU.ActiveCfg = Release|Any CPU
		{5D0A29AC-2F74-4F9A-8381-09DA1A15A256}.Release|Any CPU.Build.0 = Release|Any CPU
	EndGlobalSection
	GlobalSection(SolutionProperties) = preSolution
		HideSolutionNode = FALSE
	EndGlobalSection
	GlobalSection(ExtensibilityGlobals) = postSolution
		SolutionGuid = {5298182B-BF03-4C56-B54D-81A60EAE4AFE}
	EndGlobalSection
EndGlobal
