
Microsoft Visual Studio Solution File, Format Version 12.00
# Visual Studio Version 17
VisualStudioVersion = 17.5.33516.290
MinimumVisualStudioVersion = 10.0.40219.1
Project("{FAE04EC0-301F-11D3-BF4B-00C04F79EFBC}") = "cbk.gcp.service.uploadImage", "cbk.gcp.service.uploadImage\cbk.gcp.service.uploadImage.csproj", "{427C616C-DC22-45FA-9C33-A159D90E15E4}"
EndProject
Global
	GlobalSection(SolutionConfigurationPlatforms) = preSolution
		Debug|Any CPU = Debug|Any CPU
		Release|Any CPU = Release|Any CPU
	EndGlobalSection
	GlobalSection(ProjectConfigurationPlatforms) = postSolution
		{427C616C-DC22-45FA-9C33-A159D90E15E4}.Debug|Any CPU.ActiveCfg = Debug|Any CPU
		{427C616C-DC22-45FA-9C33-A159D90E15E4}.Debug|Any CPU.Build.0 = Debug|Any CPU
		{427C616C-DC22-45FA-9C33-A159D90E15E4}.Release|Any CPU.ActiveCfg = Release|Any CPU
		{427C616C-DC22-45FA-9C33-A159D90E15E4}.Release|Any CPU.Build.0 = Release|Any CPU
	EndGlobalSection
	GlobalSection(SolutionProperties) = preSolution
		HideSolutionNode = FALSE
	EndGlobalSection
	GlobalSection(ExtensibilityGlobals) = postSolution
		SolutionGuid = {5298182B-BF03-4C56-B54D-81A60EAE4AFE}
	EndGlobalSection
EndGlobal
