
Microsoft Visual Studio Solution File, Format Version 12.00
# Visual Studio Version 17
VisualStudioVersion = 17.5.33516.290
MinimumVisualStudioVersion = 10.0.40219.1
Project("{FAE04EC0-301F-11D3-BF4B-00C04F79EFBC}") = "gcp-image-upload-service", "gcp-image-upload-service\gcp-image-upload-service.csproj", "{679E0C22-34AD-48E2-9FE5-675849834B32}"
EndProject
Global
	GlobalSection(SolutionConfigurationPlatforms) = preSolution
		Debug|Any CPU = Debug|Any CPU
		Release|Any CPU = Release|Any CPU
	EndGlobalSection
	GlobalSection(ProjectConfigurationPlatforms) = postSolution
		{679E0C22-34AD-48E2-9FE5-675849834B32}.Debug|Any CPU.ActiveCfg = Debug|Any CPU
		{679E0C22-34AD-48E2-9FE5-675849834B32}.Debug|Any CPU.Build.0 = Debug|Any CPU
		{679E0C22-34AD-48E2-9FE5-675849834B32}.Release|Any CPU.ActiveCfg = Release|Any CPU
		{679E0C22-34AD-48E2-9FE5-675849834B32}.Release|Any CPU.Build.0 = Release|Any CPU
	EndGlobalSection
	GlobalSection(SolutionProperties) = preSolution
		HideSolutionNode = FALSE
	EndGlobalSection
	GlobalSection(ExtensibilityGlobals) = postSolution
		SolutionGuid = {5298182B-BF03-4C56-B54D-81A60EAE4AFE}
	EndGlobalSection
EndGlobal
